// !$*UTF8*$!
{
	archiveVersion = 1;
	classes = {
	};
	objectVersion = 56;
	objects = {

/* Begin PBXBuildFile section */
		E90AA96429950D96004D8A8B /* HapticFeedbackGenerator.swift in Sources */ = {isa = PBXBuildFile; fileRef = E90AA96329950D96004D8A8B /* HapticFeedbackGenerator.swift */; };
		E90E6A52296AEC41001C0111 /* Constants.swift in Sources */ = {isa = PBXBuildFile; fileRef = E90E6A51296AEC41001C0111 /* Constants.swift */; };
		E91B92CB2965EEB100745A69 /* LoadingVIew.swift in Sources */ = {isa = PBXBuildFile; fileRef = E91B92CA2965EEB100745A69 /* LoadingVIew.swift */; };
		E922DC4A2965BEAB00B1C93A /* APICaller.swift in Sources */ = {isa = PBXBuildFile; fileRef = E922DC492965BEAB00B1C93A /* APICaller.swift */; };
		E947A20E296C5D4700BC5FCC /* Extensions.swift in Sources */ = {isa = PBXBuildFile; fileRef = E947A20D296C5D4700BC5FCC /* Extensions.swift */; };
		E947A210296C5DD100BC5FCC /* QuizResult.swift in Sources */ = {isa = PBXBuildFile; fileRef = E947A20F296C5DD100BC5FCC /* QuizResult.swift */; };
		E95060DF29659A5600077329 /* QuizGameSwiftUIApp.swift in Sources */ = {isa = PBXBuildFile; fileRef = E95060DE29659A5600077329 /* QuizGameSwiftUIApp.swift */; };
		E95060E129659A5600077329 /* LaunchView.swift in Sources */ = {isa = PBXBuildFile; fileRef = E95060E029659A5600077329 /* LaunchView.swift */; };
		E95060E329659A5800077329 /* Assets.xcassets in Resources */ = {isa = PBXBuildFile; fileRef = E95060E229659A5800077329 /* Assets.xcassets */; };
		E95060E629659A5800077329 /* Preview Assets.xcassets in Resources */ = {isa = PBXBuildFile; fileRef = E95060E529659A5800077329 /* Preview Assets.xcassets */; };
		E95E7E67296874C700F15C8F /* SettingsView.swift in Sources */ = {isa = PBXBuildFile; fileRef = E95E7E66296874C700F15C8F /* SettingsView.swift */; };
		E96933502966EE6400CB5AB0 /* GameView.swift in Sources */ = {isa = PBXBuildFile; fileRef = E969334F2966EE6400CB5AB0 /* GameView.swift */; };
		E9784A0129707C50006204D2 /* QuizHistoryViewViewModel.swift in Sources */ = {isa = PBXBuildFile; fileRef = E9784A0029707C50006204D2 /* QuizHistoryViewViewModel.swift */; };
		E9884123299CEBFD004EF1AD /* QuizHistoryFileManager.swift in Sources */ = {isa = PBXBuildFile; fileRef = E9884122299CEBFD004EF1AD /* QuizHistoryFileManager.swift */; };
		E990588029659EBF00496982 /* InternetConnectionMonitor.swift in Sources */ = {isa = PBXBuildFile; fileRef = E990587F29659EBF00496982 /* InternetConnectionMonitor.swift */; };
		E9B278E629670F1600701E6C /* Quiz.swift in Sources */ = {isa = PBXBuildFile; fileRef = E9B278E529670F1600701E6C /* Quiz.swift */; };
		E9B278E82967123100701E6C /* GameViewViewModel.swift in Sources */ = {isa = PBXBuildFile; fileRef = E9B278E72967123100701E6C /* GameViewViewModel.swift */; };
		E9C40902296A153F000D361B /* QuizHistoryView.swift in Sources */ = {isa = PBXBuildFile; fileRef = E9C40901296A153F000D361B /* QuizHistoryView.swift */; };
		E9C40904296A1557000D361B /* EndGameView.swift in Sources */ = {isa = PBXBuildFile; fileRef = E9C40903296A1557000D361B /* EndGameView.swift */; };
		E9DEE4462965C673001743DA /* Category.swift in Sources */ = {isa = PBXBuildFile; fileRef = E9DEE4452965C673001743DA /* Category.swift */; };
		E9E29D992965D1DB00F282D2 /* LaunchViewViewModel.swift in Sources */ = {isa = PBXBuildFile; fileRef = E9E29D982965D1DB00F282D2 /* LaunchViewViewModel.swift */; };
/* End PBXBuildFile section */

/* Begin PBXFileReference section */
		E90AA96329950D96004D8A8B /* HapticFeedbackGenerator.swift */ = {isa = PBXFileReference; lastKnownFileType = sourcecode.swift; path = HapticFeedbackGenerator.swift; sourceTree = "<group>"; };
		E90E6A51296AEC41001C0111 /* Constants.swift */ = {isa = PBXFileReference; lastKnownFileType = sourcecode.swift; path = Constants.swift; sourceTree = "<group>"; };
		E91B92CA2965EEB100745A69 /* LoadingVIew.swift */ = {isa = PBXFileReference; lastKnownFileType = sourcecode.swift; path = LoadingVIew.swift; sourceTree = "<group>"; };
		E922DC492965BEAB00B1C93A /* APICaller.swift */ = {isa = PBXFileReference; lastKnownFileType = sourcecode.swift; path = APICaller.swift; sourceTree = "<group>"; };
		E947A20D296C5D4700BC5FCC /* Extensions.swift */ = {isa = PBXFileReference; lastKnownFileType = sourcecode.swift; path = Extensions.swift; sourceTree = "<group>"; };
		E947A20F296C5DD100BC5FCC /* QuizResult.swift */ = {isa = PBXFileReference; lastKnownFileType = sourcecode.swift; path = QuizResult.swift; sourceTree = "<group>"; };
		E95060DB29659A5600077329 /* QuizGameSwiftUI.app */ = {isa = PBXFileReference; explicitFileType = wrapper.application; includeInIndex = 0; path = QuizGameSwiftUI.app; sourceTree = BUILT_PRODUCTS_DIR; };
		E95060DE29659A5600077329 /* QuizGameSwiftUIApp.swift */ = {isa = PBXFileReference; lastKnownFileType = sourcecode.swift; path = QuizGameSwiftUIApp.swift; sourceTree = "<group>"; };
		E95060E029659A5600077329 /* LaunchView.swift */ = {isa = PBXFileReference; lastKnownFileType = sourcecode.swift; path = LaunchView.swift; sourceTree = "<group>"; };
		E95060E229659A5800077329 /* Assets.xcassets */ = {isa = PBXFileReference; lastKnownFileType = folder.assetcatalog; path = Assets.xcassets; sourceTree = "<group>"; };
		E95060E529659A5800077329 /* Preview Assets.xcassets */ = {isa = PBXFileReference; lastKnownFileType = folder.assetcatalog; path = "Preview Assets.xcassets"; sourceTree = "<group>"; };
		E95E7E66296874C700F15C8F /* SettingsView.swift */ = {isa = PBXFileReference; lastKnownFileType = sourcecode.swift; path = SettingsView.swift; sourceTree = "<group>"; };
		E969334F2966EE6400CB5AB0 /* GameView.swift */ = {isa = PBXFileReference; lastKnownFileType = sourcecode.swift; path = GameView.swift; sourceTree = "<group>"; };
		E9784A0029707C50006204D2 /* QuizHistoryViewViewModel.swift */ = {isa = PBXFileReference; lastKnownFileType = sourcecode.swift; path = QuizHistoryViewViewModel.swift; sourceTree = "<group>"; };
		E9884122299CEBFD004EF1AD /* QuizHistoryFileManager.swift */ = {isa = PBXFileReference; lastKnownFileType = sourcecode.swift; path = QuizHistoryFileManager.swift; sourceTree = "<group>"; };
		E990587F29659EBF00496982 /* InternetConnectionMonitor.swift */ = {isa = PBXFileReference; lastKnownFileType = sourcecode.swift; path = InternetConnectionMonitor.swift; sourceTree = "<group>"; };
		E9B278E529670F1600701E6C /* Quiz.swift */ = {isa = PBXFileReference; lastKnownFileType = sourcecode.swift; path = Quiz.swift; sourceTree = "<group>"; };
		E9B278E72967123100701E6C /* GameViewViewModel.swift */ = {isa = PBXFileReference; lastKnownFileType = sourcecode.swift; path = GameViewViewModel.swift; sourceTree = "<group>"; };
		E9C40901296A153F000D361B /* QuizHistoryView.swift */ = {isa = PBXFileReference; lastKnownFileType = sourcecode.swift; path = QuizHistoryView.swift; sourceTree = "<group>"; };
		E9C40903296A1557000D361B /* EndGameView.swift */ = {isa = PBXFileReference; lastKnownFileType = sourcecode.swift; path = EndGameView.swift; sourceTree = "<group>"; };
		E9DEE4452965C673001743DA /* Category.swift */ = {isa = PBXFileReference; lastKnownFileType = sourcecode.swift; path = Category.swift; sourceTree = "<group>"; };
		E9E29D982965D1DB00F282D2 /* LaunchViewViewModel.swift */ = {isa = PBXFileReference; lastKnownFileType = sourcecode.swift; path = LaunchViewViewModel.swift; sourceTree = "<group>"; };
/* End PBXFileReference section */

/* Begin PBXFrameworksBuildPhase section */
		E95060D829659A5600077329 /* Frameworks */ = {
			isa = PBXFrameworksBuildPhase;
			buildActionMask = 2147483647;
			files = (
			);
			runOnlyForDeploymentPostprocessing = 0;
		};
/* End PBXFrameworksBuildPhase section */

/* Begin PBXGroup section */
		E90B8F3329659B97007BFB03 /* Models */ = {
			isa = PBXGroup;
			children = (
				E9DEE4452965C673001743DA /* Category.swift */,
				E9B278E529670F1600701E6C /* Quiz.swift */,
				E947A20F296C5DD100BC5FCC /* QuizResult.swift */,
			);
			path = Models;
			sourceTree = "<group>";
		};
		E90B8F3429659BB2007BFB03 /* Views */ = {
			isa = PBXGroup;
			children = (
				E95060E029659A5600077329 /* LaunchView.swift */,
				E969334F2966EE6400CB5AB0 /* GameView.swift */,
				E95E7E66296874C700F15C8F /* SettingsView.swift */,
				E9C40901296A153F000D361B /* QuizHistoryView.swift */,
				E9C40903296A1557000D361B /* EndGameView.swift */,
				E91B92CA2965EEB100745A69 /* LoadingVIew.swift */,
			);
			path = Views;
			sourceTree = "<group>";
		};
		E90B8F3529659BBF007BFB03 /* ViewModels */ = {
			isa = PBXGroup;
			children = (
				E9E29D982965D1DB00F282D2 /* LaunchViewViewModel.swift */,
				E9B278E72967123100701E6C /* GameViewViewModel.swift */,
				E9784A0029707C50006204D2 /* QuizHistoryViewViewModel.swift */,
			);
			path = ViewModels;
			sourceTree = "<group>";
		};
		E90B8F3629659BDB007BFB03 /* Utilities */ = {
			isa = PBXGroup;
			children = (
				E922DC492965BEAB00B1C93A /* APICaller.swift */,
				E990587F29659EBF00496982 /* InternetConnectionMonitor.swift */,
				E9884122299CEBFD004EF1AD /* QuizHistoryFileManager.swift */,
				E90AA96329950D96004D8A8B /* HapticFeedbackGenerator.swift */,
			);
			path = Utilities;
			sourceTree = "<group>";
		};
		E95060D229659A5600077329 = {
			isa = PBXGroup;
			children = (
				E95060DD29659A5600077329 /* QuizGameSwiftUI */,
				E95060DC29659A5600077329 /* Products */,
			);
			sourceTree = "<group>";
		};
		E95060DC29659A5600077329 /* Products */ = {
			isa = PBXGroup;
			children = (
				E95060DB29659A5600077329 /* QuizGameSwiftUI.app */,
			);
			name = Products;
			sourceTree = "<group>";
		};
		E95060DD29659A5600077329 /* QuizGameSwiftUI */ = {
			isa = PBXGroup;
			children = (
				E95060DE29659A5600077329 /* QuizGameSwiftUIApp.swift */,
				E90B8F3329659B97007BFB03 /* Models */,
				E90B8F3429659BB2007BFB03 /* Views */,
				E90B8F3529659BBF007BFB03 /* ViewModels */,
				E90B8F3629659BDB007BFB03 /* Utilities */,
				E9733810296C93C400322E09 /* Other */,
				E95060E229659A5800077329 /* Assets.xcassets */,
				E95060E429659A5800077329 /* Preview Content */,
			);
			path = QuizGameSwiftUI;
			sourceTree = "<group>";
		};
		E95060E429659A5800077329 /* Preview Content */ = {
			isa = PBXGroup;
			children = (
				E95060E529659A5800077329 /* Preview Assets.xcassets */,
			);
			path = "Preview Content";
			sourceTree = "<group>";
		};
		E9733810296C93C400322E09 /* Other */ = {
			isa = PBXGroup;
			children = (
				E90E6A51296AEC41001C0111 /* Constants.swift */,
				E947A20D296C5D4700BC5FCC /* Extensions.swift */,
			);
			path = Other;
			sourceTree = "<group>";
		};
/* End PBXGroup section */

/* Begin PBXNativeTarget section */
		E95060DA29659A5600077329 /* QuizGameSwiftUI */ = {
			isa = PBXNativeTarget;
			buildConfigurationList = E95060E929659A5800077329 /* Build configuration list for PBXNativeTarget "QuizGameSwiftUI" */;
			buildPhases = (
				E95060D729659A5600077329 /* Sources */,
				E95060D829659A5600077329 /* Frameworks */,
				E95060D929659A5600077329 /* Resources */,
			);
			buildRules = (
			);
			dependencies = (
			);
			name = QuizGameSwiftUI;
			productName = QuizGameSwiftUI;
			productReference = E95060DB29659A5600077329 /* QuizGameSwiftUI.app */;
			productType = "com.apple.product-type.application";
		};
/* End PBXNativeTarget section */

/* Begin PBXProject section */
		E95060D329659A5600077329 /* Project object */ = {
			isa = PBXProject;
			attributes = {
				BuildIndependentTargetsInParallel = 1;
				LastSwiftUpdateCheck = 1420;
				LastUpgradeCheck = 1420;
				TargetAttributes = {
					E95060DA29659A5600077329 = {
						CreatedOnToolsVersion = 14.2;
					};
				};
			};
			buildConfigurationList = E95060D629659A5600077329 /* Build configuration list for PBXProject "QuizGameSwiftUI" */;
			compatibilityVersion = "Xcode 14.0";
			developmentRegion = en;
			hasScannedForEncodings = 0;
			knownRegions = (
				en,
				Base,
			);
			mainGroup = E95060D229659A5600077329;
			productRefGroup = E95060DC29659A5600077329 /* Products */;
			projectDirPath = "";
			projectRoot = "";
			targets = (
				E95060DA29659A5600077329 /* QuizGameSwiftUI */,
			);
		};
/* End PBXProject section */

/* Begin PBXResourcesBuildPhase section */
		E95060D929659A5600077329 /* Resources */ = {
			isa = PBXResourcesBuildPhase;
			buildActionMask = 2147483647;
			files = (
				E95060E629659A5800077329 /* Preview Assets.xcassets in Resources */,
				E95060E329659A5800077329 /* Assets.xcassets in Resources */,
			);
			runOnlyForDeploymentPostprocessing = 0;
		};
/* End PBXResourcesBuildPhase section */

/* Begin PBXSourcesBuildPhase section */
		E95060D729659A5600077329 /* Sources */ = {
			isa = PBXSourcesBuildPhase;
			buildActionMask = 2147483647;
			files = (
				E95060E129659A5600077329 /* LaunchView.swift in Sources */,
				E9C40904296A1557000D361B /* EndGameView.swift in Sources */,
				E9DEE4462965C673001743DA /* Category.swift in Sources */,
				E947A210296C5DD100BC5FCC /* QuizResult.swift in Sources */,
				E9E29D992965D1DB00F282D2 /* LaunchViewViewModel.swift in Sources */,
				E95060DF29659A5600077329 /* QuizGameSwiftUIApp.swift in Sources */,
				E9C40902296A153F000D361B /* QuizHistoryView.swift in Sources */,
				E990588029659EBF00496982 /* InternetConnectionMonitor.swift in Sources */,
				E9884123299CEBFD004EF1AD /* QuizHistoryFileManager.swift in Sources */,
				E91B92CB2965EEB100745A69 /* LoadingVIew.swift in Sources */,
				E96933502966EE6400CB5AB0 /* GameView.swift in Sources */,
				E922DC4A2965BEAB00B1C93A /* APICaller.swift in Sources */,
				E90AA96429950D96004D8A8B /* HapticFeedbackGenerator.swift in Sources */,
				E947A20E296C5D4700BC5FCC /* Extensions.swift in Sources */,
				E9B278E629670F1600701E6C /* Quiz.swift in Sources */,
				E90E6A52296AEC41001C0111 /* Constants.swift in Sources */,
				E9784A0129707C50006204D2 /* QuizHistoryViewViewModel.swift in Sources */,
				E9B278E82967123100701E6C /* GameViewViewModel.swift in Sources */,
				E95E7E67296874C700F15C8F /* SettingsView.swift in Sources */,
			);
			runOnlyForDeploymentPostprocessing = 0;
		};
/* End PBXSourcesBuildPhase section */

/* Begin XCBuildConfiguration section */
		E95060E729659A5800077329 /* Debug */ = {
			isa = XCBuildConfiguration;
			buildSettings = {
				ALWAYS_SEARCH_USER_PATHS = NO;
				CLANG_ANALYZER_NONNULL = YES;
				CLANG_ANALYZER_NUMBER_OBJECT_CONVERSION = YES_AGGRESSIVE;
				CLANG_CXX_LANGUAGE_STANDARD = "gnu++20";
				CLANG_ENABLE_MODULES = YES;
				CLANG_ENABLE_OBJC_ARC = YES;
				CLANG_ENABLE_OBJC_WEAK = YES;
				CLANG_WARN_BLOCK_CAPTURE_AUTORELEASING = YES;
				CLANG_WARN_BOOL_CONVERSION = YES;
				CLANG_WARN_COMMA = YES;
				CLANG_WARN_CONSTANT_CONVERSION = YES;
				CLANG_WARN_DEPRECATED_OBJC_IMPLEMENTATIONS = YES;
				CLANG_WARN_DIRECT_OBJC_ISA_USAGE = YES_ERROR;
				CLANG_WARN_DOCUMENTATION_COMMENTS = YES;
				CLANG_WARN_EMPTY_BODY = YES;
				CLANG_WARN_ENUM_CONVERSION = YES;
				CLANG_WARN_INFINITE_RECURSION = YES;
				CLANG_WARN_INT_CONVERSION = YES;
				CLANG_WARN_NON_LITERAL_NULL_CONVERSION = YES;
				CLANG_WARN_OBJC_IMPLICIT_RETAIN_SELF = YES;
				CLANG_WARN_OBJC_LITERAL_CONVERSION = YES;
				CLANG_WARN_OBJC_ROOT_CLASS = YES_ERROR;
				CLANG_WARN_QUOTED_INCLUDE_IN_FRAMEWORK_HEADER = YES;
				CLANG_WARN_RANGE_LOOP_ANALYSIS = YES;
				CLANG_WARN_STRICT_PROTOTYPES = YES;
				CLANG_WARN_SUSPICIOUS_MOVE = YES;
				CLANG_WARN_UNGUARDED_AVAILABILITY = YES_AGGRESSIVE;
				CLANG_WARN_UNREACHABLE_CODE = YES;
				CLANG_WARN__DUPLICATE_METHOD_MATCH = YES;
				COPY_PHASE_STRIP = NO;
				DEBUG_INFORMATION_FORMAT = dwarf;
				ENABLE_STRICT_OBJC_MSGSEND = YES;
				ENABLE_TESTABILITY = YES;
				GCC_C_LANGUAGE_STANDARD = gnu11;
				GCC_DYNAMIC_NO_PIC = NO;
				GCC_NO_COMMON_BLOCKS = YES;
				GCC_OPTIMIZATION_LEVEL = 0;
				GCC_PREPROCESSOR_DEFINITIONS = (
					"DEBUG=1",
					"$(inherited)",
				);
				GCC_WARN_64_TO_32_BIT_CONVERSION = YES;
				GCC_WARN_ABOUT_RETURN_TYPE = YES_ERROR;
				GCC_WARN_UNDECLARED_SELECTOR = YES;
				GCC_WARN_UNINITIALIZED_AUTOS = YES_AGGRESSIVE;
				GCC_WARN_UNUSED_FUNCTION = YES;
				GCC_WARN_UNUSED_VARIABLE = YES;
				IPHONEOS_DEPLOYMENT_TARGET = 15.0;
				MTL_ENABLE_DEBUG_INFO = INCLUDE_SOURCE;
				MTL_FAST_MATH = YES;
				ONLY_ACTIVE_ARCH = YES;
				SDKROOT = iphoneos;
				SWIFT_ACTIVE_COMPILATION_CONDITIONS = DEBUG;
				SWIFT_OPTIMIZATION_LEVEL = "-Onone";
			};
			name = Debug;
		};
		E95060E829659A5800077329 /* Release */ = {
			isa = XCBuildConfiguration;
			buildSettings = {
				ALWAYS_SEARCH_USER_PATHS = NO;
				CLANG_ANALYZER_NONNULL = YES;
				CLANG_ANALYZER_NUMBER_OBJECT_CONVERSION = YES_AGGRESSIVE;
				CLANG_CXX_LANGUAGE_STANDARD = "gnu++20";
				CLANG_ENABLE_MODULES = YES;
				CLANG_ENABLE_OBJC_ARC = YES;
				CLANG_ENABLE_OBJC_WEAK = YES;
				CLANG_WARN_BLOCK_CAPTURE_AUTORELEASING = YES;
				CLANG_WARN_BOOL_CONVERSION = YES;
				CLANG_WARN_COMMA = YES;
				CLANG_WARN_CONSTANT_CONVERSION = YES;
				CLANG_WARN_DEPRECATED_OBJC_IMPLEMENTATIONS = YES;
				CLANG_WARN_DIRECT_OBJC_ISA_USAGE = YES_ERROR;
				CLANG_WARN_DOCUMENTATION_COMMENTS = YES;
				CLANG_WARN_EMPTY_BODY = YES;
				CLANG_WARN_ENUM_CONVERSION = YES;
				CLANG_WARN_INFINITE_RECURSION = YES;
				CLANG_WARN_INT_CONVERSION = YES;
				CLANG_WARN_NON_LITERAL_NULL_CONVERSION = YES;
				CLANG_WARN_OBJC_IMPLICIT_RETAIN_SELF = YES;
				CLANG_WARN_OBJC_LITERAL_CONVERSION = YES;
				CLANG_WARN_OBJC_ROOT_CLASS = YES_ERROR;
				CLANG_WARN_QUOTED_INCLUDE_IN_FRAMEWORK_HEADER = YES;
				CLANG_WARN_RANGE_LOOP_ANALYSIS = YES;
				CLANG_WARN_STRICT_PROTOTYPES = YES;
				CLANG_WARN_SUSPICIOUS_MOVE = YES;
				CLANG_WARN_UNGUARDED_AVAILABILITY = YES_AGGRESSIVE;
				CLANG_WARN_UNREACHABLE_CODE = YES;
				CLANG_WARN__DUPLICATE_METHOD_MATCH = YES;
				COPY_PHASE_STRIP = NO;
				DEBUG_INFORMATION_FORMAT = "dwarf-with-dsym";
				ENABLE_NS_ASSERTIONS = NO;
				ENABLE_STRICT_OBJC_MSGSEND = YES;
				GCC_C_LANGUAGE_STANDARD = gnu11;
				GCC_NO_COMMON_BLOCKS = YES;
				GCC_WARN_64_TO_32_BIT_CONVERSION = YES;
				GCC_WARN_ABOUT_RETURN_TYPE = YES_ERROR;
				GCC_WARN_UNDECLARED_SELECTOR = YES;
				GCC_WARN_UNINITIALIZED_AUTOS = YES_AGGRESSIVE;
				GCC_WARN_UNUSED_FUNCTION = YES;
				GCC_WARN_UNUSED_VARIABLE = YES;
				IPHONEOS_DEPLOYMENT_TARGET = 15.0;
				MTL_ENABLE_DEBUG_INFO = NO;
				MTL_FAST_MATH = YES;
				SDKROOT = iphoneos;
				SWIFT_COMPILATION_MODE = wholemodule;
				SWIFT_OPTIMIZATION_LEVEL = "-O";
				VALIDATE_PRODUCT = YES;
			};
			name = Release;
		};
		E95060EA29659A5800077329 /* Debug */ = {
			isa = XCBuildConfiguration;
			buildSettings = {
				ASSETCATALOG_COMPILER_APPICON_NAME = AppIcon;
				ASSETCATALOG_COMPILER_GLOBAL_ACCENT_COLOR_NAME = AccentColor;
				CODE_SIGN_STYLE = Automatic;
				CURRENT_PROJECT_VERSION = 1;
				DEVELOPMENT_ASSET_PATHS = "\"QuizGameSwiftUI/Preview Content\"";
				DEVELOPMENT_TEAM = T9XKU6XX4L;
				ENABLE_PREVIEWS = YES;
				GENERATE_INFOPLIST_FILE = YES;
				INFOPLIST_KEY_UIApplicationSceneManifest_Generation = YES;
				INFOPLIST_KEY_UIApplicationSupportsIndirectInputEvents = YES;
				INFOPLIST_KEY_UILaunchScreen_Generation = YES;
				INFOPLIST_KEY_UISupportedInterfaceOrientations_iPad = "UIInterfaceOrientationPortrait UIInterfaceOrientationPortraitUpsideDown";
				INFOPLIST_KEY_UISupportedInterfaceOrientations_iPhone = UIInterfaceOrientationPortrait;
				IPHONEOS_DEPLOYMENT_TARGET = 15.0;
				LD_RUNPATH_SEARCH_PATHS = (
					"$(inherited)",
					"@executable_path/Frameworks",
				);
				MARKETING_VERSION = 1.0;
				PRODUCT_BUNDLE_IDENTIFIER = DominikHel.QuizGameSwiftUI;
				PRODUCT_NAME = "$(TARGET_NAME)";
				SUPPORTED_PLATFORMS = "iphoneos iphonesimulator";
				SUPPORTS_MACCATALYST = NO;
				SUPPORTS_MAC_DESIGNED_FOR_IPHONE_IPAD = NO;
				SWIFT_EMIT_LOC_STRINGS = YES;
				SWIFT_VERSION = 5.0;
				TARGETED_DEVICE_FAMILY = 1;
			};
			name = Debug;
		};
		E95060EB29659A5800077329 /* Release */ = {
			isa = XCBuildConfiguration;
			buildSettings = {
				ASSETCATALOG_COMPILER_APPICON_NAME = AppIcon;
				ASSETCATALOG_COMPILER_GLOBAL_ACCENT_COLOR_NAME = AccentColor;
				CODE_SIGN_STYLE = Automatic;
				CURRENT_PROJECT_VERSION = 1;
				DEVELOPMENT_ASSET_PATHS = "\"QuizGameSwiftUI/Preview Content\"";
				DEVELOPMENT_TEAM = T9XKU6XX4L;
				ENABLE_PREVIEWS = YES;
				GENERATE_INFOPLIST_FILE = YES;
				INFOPLIST_KEY_UIApplicationSceneManifest_Generation = YES;
				INFOPLIST_KEY_UIApplicationSupportsIndirectInputEvents = YES;
				INFOPLIST_KEY_UILaunchScreen_Generation = YES;
				INFOPLIST_KEY_UISupportedInterfaceOrientations_iPad = "UIInterfaceOrientationPortrait UIInterfaceOrientationPortraitUpsideDown";
				INFOPLIST_KEY_UISupportedInterfaceOrientations_iPhone = UIInterfaceOrientationPortrait;
				IPHONEOS_DEPLOYMENT_TARGET = 15.0;
				LD_RUNPATH_SEARCH_PATHS = (
					"$(inherited)",
					"@executable_path/Frameworks",
				);
				MARKETING_VERSION = 1.0;
				PRODUCT_BUNDLE_IDENTIFIER = DominikHel.QuizGameSwiftUI;
				PRODUCT_NAME = "$(TARGET_NAME)";
				SUPPORTED_PLATFORMS = "iphoneos iphonesimulator";
				SUPPORTS_MACCATALYST = NO;
				SUPPORTS_MAC_DESIGNED_FOR_IPHONE_IPAD = NO;
				SWIFT_EMIT_LOC_STRINGS = YES;
				SWIFT_VERSION = 5.0;
				TARGETED_DEVICE_FAMILY = 1;
			};
			name = Release;
		};
/* End XCBuildConfiguration section */

/* Begin XCConfigurationList section */
		E95060D629659A5600077329 /* Build configuration list for PBXProject "QuizGameSwiftUI" */ = {
			isa = XCConfigurationList;
			buildConfigurations = (
				E95060E729659A5800077329 /* Debug */,
				E95060E829659A5800077329 /* Release */,
			);
			defaultConfigurationIsVisible = 0;
			defaultConfigurationName = Release;
		};
		E95060E929659A5800077329 /* Build configuration list for PBXNativeTarget "QuizGameSwiftUI" */ = {
			isa = XCConfigurationList;
			buildConfigurations = (
				E95060EA29659A5800077329 /* Debug */,
				E95060EB29659A5800077329 /* Release */,
			);
			defaultConfigurationIsVisible = 0;
			defaultConfigurationName = Release;
		};
/* End XCConfigurationList section */
	};
	rootObject = E95060D329659A5600077329 /* Project object */;
}
